
Microsoft Visual Studio Solution File, Format Version 12.00
# Visual Studio 15
VisualStudioVersion = 15.0.27428.2043
MinimumVisualStudioVersion = 10.0.40219.1
Project("{FAE04EC0-301F-11D3-BF4B-00C04F79EFBC}") = "CopaMundialAPI", "CopaMundialAPI\CopaMundialAPI.csproj", "{156E0B9D-6454-4416-9E33-B171A16D01AF}"
EndProject
Project("{FAE04EC0-301F-11D3-BF4B-00C04F79EFBC}") = "PruebasCopaMundialAPI", "PruebasCopaMundialAPI\PruebasCopaMundialAPI.csproj", "{DA7CED0B-7B4F-4F7E-B9B0-9074B6EABFD0}"
EndProject
Global
	GlobalSection(SolutionConfigurationPlatforms) = preSolution
		Debug|Any CPU = Debug|Any CPU
		Release|Any CPU = Release|Any CPU
	EndGlobalSection
	GlobalSection(ProjectConfigurationPlatforms) = postSolution
		{156E0B9D-6454-4416-9E33-B171A16D01AF}.Debug|Any CPU.ActiveCfg = Debug|Any CPU
		{156E0B9D-6454-4416-9E33-B171A16D01AF}.Debug|Any CPU.Build.0 = Debug|Any CPU
		{156E0B9D-6454-4416-9E33-B171A16D01AF}.Release|Any CPU.ActiveCfg = Release|Any CPU
		{156E0B9D-6454-4416-9E33-B171A16D01AF}.Release|Any CPU.Build.0 = Release|Any CPU
		{DA7CED0B-7B4F-4F7E-B9B0-9074B6EABFD0}.Debug|Any CPU.ActiveCfg = Debug|Any CPU
		{DA7CED0B-7B4F-4F7E-B9B0-9074B6EABFD0}.Debug|Any CPU.Build.0 = Debug|Any CPU
		{DA7CED0B-7B4F-4F7E-B9B0-9074B6EABFD0}.Release|Any CPU.ActiveCfg = Release|Any CPU
		{DA7CED0B-7B4F-4F7E-B9B0-9074B6EABFD0}.Release|Any CPU.Build.0 = Release|Any CPU
	EndGlobalSection
	GlobalSection(SolutionProperties) = preSolution
		HideSolutionNode = FALSE
	EndGlobalSection
	GlobalSection(ExtensibilityGlobals) = postSolution
		SolutionGuid = {3B2DA3CE-D5CF-478E-9674-A34B38E09568}
	EndGlobalSection
EndGlobal
